
Microsoft Visual Studio Solution File, Format Version 12.00
# Visual Studio 15
VisualStudioVersion = 15.0.27130.2027
MinimumVisualStudioVersion = 10.0.40219.1
Project("{FAE04EC0-301F-11D3-BF4B-00C04F79EFBC}") = "SimpleWcf", "SimpleWcf\SimpleWcf.csproj", "{5BBA5B03-42F1-45BC-BCEE-5ADD702B980C}"
EndProject
Project("{FAE04EC0-301F-11D3-BF4B-00C04F79EFBC}") = "SimpleWcfClient", "SimpleWcfClient\SimpleWcfClient.csproj", "{A2C09936-5887-4FF5-90E8-AD07F6B1502C}"
EndProject
Global
	GlobalSection(SolutionConfigurationPlatforms) = preSolution
		Debug|Any CPU = Debug|Any CPU
		Release|Any CPU = Release|Any CPU
	EndGlobalSection
	GlobalSection(ProjectConfigurationPlatforms) = postSolution
		{5BBA5B03-42F1-45BC-BCEE-5ADD702B980C}.Debug|Any CPU.ActiveCfg = Debug|Any CPU
		{5BBA5B03-42F1-45BC-BCEE-5ADD702B980C}.Debug|Any CPU.Build.0 = Debug|Any CPU
		{5BBA5B03-42F1-45BC-BCEE-5ADD702B980C}.Release|Any CPU.ActiveCfg = Release|Any CPU
		{5BBA5B03-42F1-45BC-BCEE-5ADD702B980C}.Release|Any CPU.Build.0 = Release|Any CPU
		{A2C09936-5887-4FF5-90E8-AD07F6B1502C}.Debug|Any CPU.ActiveCfg = Debug|Any CPU
		{A2C09936-5887-4FF5-90E8-AD07F6B1502C}.Debug|Any CPU.Build.0 = Debug|Any CPU
		{A2C09936-5887-4FF5-90E8-AD07F6B1502C}.Release|Any CPU.ActiveCfg = Release|Any CPU
		{A2C09936-5887-4FF5-90E8-AD07F6B1502C}.Release|Any CPU.Build.0 = Release|Any CPU
	EndGlobalSection
	GlobalSection(SolutionProperties) = preSolution
		HideSolutionNode = FALSE
	EndGlobalSection
	GlobalSection(ExtensibilityGlobals) = postSolution
		SolutionGuid = {6AC0489A-9356-4460-97FB-693F0F4B3F35}
	EndGlobalSection
EndGlobal
